
Microsoft Visual Studio Solution File, Format Version 12.00
# Visual Studio Version 16
VisualStudioVersion = 16.0.29102.190
MinimumVisualStudioVersion = 10.0.40219.1
Project("{9A19103F-16F7-4668-BE54-9A1E7A4F7556}") = "Example.ChatProcessing", "Examples\Example.ChatProcessing\Example.ChatProcessing.csproj", "{15917166-BD95-42F8-A021-BCD23BCF8D46}"
EndProject
Project("{9A19103F-16F7-4668-BE54-9A1E7A4F7556}") = "BotX.Api", "BotX.Api.Core\BotX.Api.csproj", "{BF411BF5-41F6-4D8C-815B-B191CFAE1CC9}"
EndProject
Project("{9A19103F-16F7-4668-BE54-9A1E7A4F7556}") = "Example.StateMachine", "Examples\Example.StateMachine\Example.StateMachine.csproj", "{39D9BDDC-7D21-4D73-B4A8-BD9B5E1DE8E3}"
EndProject
Global
	GlobalSection(SolutionConfigurationPlatforms) = preSolution
		Debug|Any CPU = Debug|Any CPU
		Release|Any CPU = Release|Any CPU
	EndGlobalSection
	GlobalSection(ProjectConfigurationPlatforms) = postSolution
		{15917166-BD95-42F8-A021-BCD23BCF8D46}.Debug|Any CPU.ActiveCfg = Debug|Any CPU
		{15917166-BD95-42F8-A021-BCD23BCF8D46}.Debug|Any CPU.Build.0 = Debug|Any CPU
		{15917166-BD95-42F8-A021-BCD23BCF8D46}.Release|Any CPU.ActiveCfg = Release|Any CPU
		{15917166-BD95-42F8-A021-BCD23BCF8D46}.Release|Any CPU.Build.0 = Release|Any CPU
		{BF411BF5-41F6-4D8C-815B-B191CFAE1CC9}.Debug|Any CPU.ActiveCfg = Debug|Any CPU
		{BF411BF5-41F6-4D8C-815B-B191CFAE1CC9}.Debug|Any CPU.Build.0 = Debug|Any CPU
		{BF411BF5-41F6-4D8C-815B-B191CFAE1CC9}.Release|Any CPU.ActiveCfg = Release|Any CPU
		{BF411BF5-41F6-4D8C-815B-B191CFAE1CC9}.Release|Any CPU.Build.0 = Release|Any CPU
		{39D9BDDC-7D21-4D73-B4A8-BD9B5E1DE8E3}.Debug|Any CPU.ActiveCfg = Debug|Any CPU
		{39D9BDDC-7D21-4D73-B4A8-BD9B5E1DE8E3}.Debug|Any CPU.Build.0 = Debug|Any CPU
		{39D9BDDC-7D21-4D73-B4A8-BD9B5E1DE8E3}.Release|Any CPU.ActiveCfg = Release|Any CPU
		{39D9BDDC-7D21-4D73-B4A8-BD9B5E1DE8E3}.Release|Any CPU.Build.0 = Release|Any CPU
	EndGlobalSection
	GlobalSection(SolutionProperties) = preSolution
		HideSolutionNode = FALSE
	EndGlobalSection
	GlobalSection(ExtensibilityGlobals) = postSolution
		SolutionGuid = {F850927A-476F-4B88-987B-6F008C5B2A5D}
	EndGlobalSection
EndGlobal
